// !$*UTF8*$!
{
	archiveVersion = 1;
	classes = {
	};
	objectVersion = 46;
	objects = {

/* Begin PBXBuildFile section */
		18EBDA08A43A116D41061BD3 /* libPods-iOS-ApplicationTemplate.a in Frameworks */ = {isa = PBXBuildFile; fileRef = F66F808564E1F129953553D4 /* libPods-iOS-ApplicationTemplate.a */; };
		95C984D51E1580B0004C955A /* main.m in Sources */ = {isa = PBXBuildFile; fileRef = 95C984D41E1580B0004C955A /* main.m */; };
		95C984D81E1580B0004C955A /* AppDelegate.m in Sources */ = {isa = PBXBuildFile; fileRef = 95C984D71E1580B0004C955A /* AppDelegate.m */; };
		95C984DB1E1580B0004C955A /* ViewController.m in Sources */ = {isa = PBXBuildFile; fileRef = 95C984DA1E1580B0004C955A /* ViewController.m */; };
		95C984DE1E1580B0004C955A /* Main.storyboard in Resources */ = {isa = PBXBuildFile; fileRef = 95C984DC1E1580B0004C955A /* Main.storyboard */; };
		95C984E01E1580B0004C955A /* Assets.xcassets in Resources */ = {isa = PBXBuildFile; fileRef = 95C984DF1E1580B0004C955A /* Assets.xcassets */; };
		95C984E31E1580B0004C955A /* LaunchScreen.storyboard in Resources */ = {isa = PBXBuildFile; fileRef = 95C984E11E1580B0004C955A /* LaunchScreen.storyboard */; };
/* End PBXBuildFile section */

/* Begin PBXFileReference section */
		81A5B1C600098F293324033D /* Pods-iOS-ApplicationTemplate.release.xcconfig */ = {isa = PBXFileReference; includeInIndex = 1; lastKnownFileType = text.xcconfig; name = "Pods-iOS-ApplicationTemplate.release.xcconfig"; path = "Pods/Target Support Files/Pods-iOS-ApplicationTemplate/Pods-iOS-ApplicationTemplate.release.xcconfig"; sourceTree = "<group>"; };
		95C984D01E1580B0004C955A /* iOS-ApplicationTemplate.app */ = {isa = PBXFileReference; explicitFileType = wrapper.application; includeInIndex = 0; path = "iOS-ApplicationTemplate.app"; sourceTree = BUILT_PRODUCTS_DIR; };
		95C984D41E1580B0004C955A /* main.m */ = {isa = PBXFileReference; lastKnownFileType = sourcecode.c.objc; path = main.m; sourceTree = "<group>"; };
		95C984D61E1580B0004C955A /* AppDelegate.h */ = {isa = PBXFileReference; lastKnownFileType = sourcecode.c.h; path = AppDelegate.h; sourceTree = "<group>"; };
		95C984D71E1580B0004C955A /* AppDelegate.m */ = {isa = PBXFileReference; lastKnownFileType = sourcecode.c.objc; path = AppDelegate.m; sourceTree = "<group>"; };
		95C984D91E1580B0004C955A /* ViewController.h */ = {isa = PBXFileReference; lastKnownFileType = sourcecode.c.h; path = ViewController.h; sourceTree = "<group>"; };
		95C984DA1E1580B0004C955A /* ViewController.m */ = {isa = PBXFileReference; lastKnownFileType = sourcecode.c.objc; path = ViewController.m; sourceTree = "<group>"; };
		95C984DD1E1580B0004C955A /* Base */ = {isa = PBXFileReference; lastKnownFileType = file.storyboard; name = Base; path = Base.lproj/Main.storyboard; sourceTree = "<group>"; };
		95C984DF1E1580B0004C955A /* Assets.xcassets */ = {isa = PBXFileReference; lastKnownFileType = folder.assetcatalog; path = Assets.xcassets; sourceTree = "<group>"; };
		95C984E21E1580B0004C955A /* Base */ = {isa = PBXFileReference; lastKnownFileType = file.storyboard; name = Base; path = Base.lproj/LaunchScreen.storyboard; sourceTree = "<group>"; };
		95C984E41E1580B0004C955A /* Info.plist */ = {isa = PBXFileReference; lastKnownFileType = text.plist.xml; path = Info.plist; sourceTree = "<group>"; };
		F66F808564E1F129953553D4 /* libPods-iOS-ApplicationTemplate.a */ = {isa = PBXFileReference; explicitFileType = archive.ar; includeInIndex = 0; path = "libPods-iOS-ApplicationTemplate.a"; sourceTree = BUILT_PRODUCTS_DIR; };
		FB1C9B398EF0F5CF042AB147 /* Pods-iOS-ApplicationTemplate.debug.xcconfig */ = {isa = PBXFileReference; includeInIndex = 1; lastKnownFileType = text.xcconfig; name = "Pods-iOS-ApplicationTemplate.debug.xcconfig"; path = "Pods/Target Support Files/Pods-iOS-ApplicationTemplate/Pods-iOS-ApplicationTemplate.debug.xcconfig"; sourceTree = "<group>"; };
/* End PBXFileReference section */

/* Begin PBXFrameworksBuildPhase section */
		95C984CD1E1580B0004C955A /* Frameworks */ = {
			isa = PBXFrameworksBuildPhase;
			buildActionMask = 2147483647;
			files = (
				18EBDA08A43A116D41061BD3 /* libPods-iOS-ApplicationTemplate.a in Frameworks */,
			);
			runOnlyForDeploymentPostprocessing = 0;
		};
/* End PBXFrameworksBuildPhase section */

/* Begin PBXGroup section */
		0BFE904527C7C4892313BC31 /* Pods */ = {
			isa = PBXGroup;
			children = (
				FB1C9B398EF0F5CF042AB147 /* Pods-iOS-ApplicationTemplate.debug.xcconfig */,
				81A5B1C600098F293324033D /* Pods-iOS-ApplicationTemplate.release.xcconfig */,
			);
			name = Pods;
			sourceTree = "<group>";
		};
		95C984C71E1580B0004C955A = {
			isa = PBXGroup;
			children = (
				95C984D21E1580B0004C955A /* iOS-ApplicationTemplate */,
				95C984D11E1580B0004C955A /* Products */,
				0BFE904527C7C4892313BC31 /* Pods */,
				D0589E636B7E6F9AF17BEB14 /* Frameworks */,
			);
			sourceTree = "<group>";
		};
		95C984D11E1580B0004C955A /* Products */ = {
			isa = PBXGroup;
			children = (
				95C984D01E1580B0004C955A /* iOS-ApplicationTemplate.app */,
			);
			name = Products;
			sourceTree = "<group>";
		};
		95C984D21E1580B0004C955A /* iOS-ApplicationTemplate */ = {
			isa = PBXGroup;
			children = (
				95C984F11E15846D004C955A /* Utils */,
				95C984F01E15840C004C955A /* Views */,
				95C984EF1E158408004C955A /* Models */,
				95C984EE1E1583F7004C955A /* Storyboards */,
				95C984ED1E1583F3004C955A /* Controllers */,
				95C984EC1E1583ED004C955A /* Networking */,
				95C984EB1E1583C1004C955A /* Constants */,
				95C984EA1E1583BC004C955A /* AppDelegate */,
				95C984D31E1580B0004C955A /* Supporting Files */,
			);
			path = "iOS-ApplicationTemplate";
			sourceTree = "<group>";
		};
		95C984D31E1580B0004C955A /* Supporting Files */ = {
			isa = PBXGroup;
			children = (
				95C984DF1E1580B0004C955A /* Assets.xcassets */,
				95C984E11E1580B0004C955A /* LaunchScreen.storyboard */,
				95C984E41E1580B0004C955A /* Info.plist */,
				95C984D41E1580B0004C955A /* main.m */,
			);
			name = "Supporting Files";
			sourceTree = "<group>";
		};
		95C984EA1E1583BC004C955A /* AppDelegate */ = {
			isa = PBXGroup;
			children = (
				95C984D61E1580B0004C955A /* AppDelegate.h */,
				95C984D71E1580B0004C955A /* AppDelegate.m */,
			);
			name = AppDelegate;
			sourceTree = "<group>";
		};
		95C984EB1E1583C1004C955A /* Constants */ = {
			isa = PBXGroup;
			children = (
			);
			name = Constants;
			sourceTree = "<group>";
		};
		95C984EC1E1583ED004C955A /* Networking */ = {
			isa = PBXGroup;
			children = (
			);
			name = Networking;
			sourceTree = "<group>";
		};
		95C984ED1E1583F3004C955A /* Controllers */ = {
			isa = PBXGroup;
			children = (
				95C984D91E1580B0004C955A /* ViewController.h */,
				95C984DA1E1580B0004C955A /* ViewController.m */,
			);
			name = Controllers;
			sourceTree = "<group>";
		};
		95C984EE1E1583F7004C955A /* Storyboards */ = {
			isa = PBXGroup;
			children = (
				95C984DC1E1580B0004C955A /* Main.storyboard */,
			);
			name = Storyboards;
			sourceTree = "<group>";
		};
		95C984EF1E158408004C955A /* Models */ = {
			isa = PBXGroup;
			children = (
			);
			name = Models;
			sourceTree = "<group>";
		};
		95C984F01E15840C004C955A /* Views */ = {
			isa = PBXGroup;
			children = (
			);
			name = Views;
			sourceTree = "<group>";
		};
		95C984F11E15846D004C955A /* Utils */ = {
			isa = PBXGroup;
			children = (
			);
			name = Utils;
			sourceTree = "<group>";
		};
		D0589E636B7E6F9AF17BEB14 /* Frameworks */ = {
			isa = PBXGroup;
			children = (
				F66F808564E1F129953553D4 /* libPods-iOS-ApplicationTemplate.a */,
			);
			name = Frameworks;
			sourceTree = "<group>";
		};
/* End PBXGroup section */

/* Begin PBXNativeTarget section */
		95C984CF1E1580B0004C955A /* iOS-ApplicationTemplate */ = {
			isa = PBXNativeTarget;
			buildConfigurationList = 95C984E71E1580B0004C955A /* Build configuration list for PBXNativeTarget "iOS-ApplicationTemplate" */;
			buildPhases = (
				2E3F20CB263FE49018E960CF /* [CP] Check Pods Manifest.lock */,
				95C984CC1E1580B0004C955A /* Sources */,
				95C984CD1E1580B0004C955A /* Frameworks */,
				95C984CE1E1580B0004C955A /* Resources */,
				13CC82BB2AF8879892D0D8D1 /* [CP] Embed Pods Frameworks */,
				3EF0CCF98679F8AB140E0AFC /* [CP] Copy Pods Resources */,
			);
			buildRules = (
			);
			dependencies = (
			);
			name = "iOS-ApplicationTemplate";
			productName = "iOS-ApplicationTemplate";
			productReference = 95C984D01E1580B0004C955A /* iOS-ApplicationTemplate.app */;
			productType = "com.apple.product-type.application";
		};
/* End PBXNativeTarget section */

/* Begin PBXProject section */
		95C984C81E1580B0004C955A /* Project object */ = {
			isa = PBXProject;
			attributes = {
				LastUpgradeCheck = 0820;
				ORGANIZATIONNAME = "Bruno Rendeiro";
				TargetAttributes = {
					95C984CF1E1580B0004C955A = {
						CreatedOnToolsVersion = 8.2.1;
						DevelopmentTeam = PN7U9JJPAS;
						ProvisioningStyle = Automatic;
					};
				};
			};
			buildConfigurationList = 95C984CB1E1580B0004C955A /* Build configuration list for PBXProject "iOS-ApplicationTemplate" */;
			compatibilityVersion = "Xcode 3.2";
			developmentRegion = English;
			hasScannedForEncodings = 0;
			knownRegions = (
				en,
				Base,
			);
			mainGroup = 95C984C71E1580B0004C955A;
			productRefGroup = 95C984D11E1580B0004C955A /* Products */;
			projectDirPath = "";
			projectRoot = "";
			targets = (
				95C984CF1E1580B0004C955A /* iOS-ApplicationTemplate */,
			);
		};
/* End PBXProject section */

/* Begin PBXResourcesBuildPhase section */
		95C984CE1E1580B0004C955A /* Resources */ = {
			isa = PBXResourcesBuildPhase;
			buildActionMask = 2147483647;
			files = (
				95C984E31E1580B0004C955A /* LaunchScreen.storyboard in Resources */,
				95C984E01E1580B0004C955A /* Assets.xcassets in Resources */,
				95C984DE1E1580B0004C955A /* Main.storyboard in Resources */,
			);
			runOnlyForDeploymentPostprocessing = 0;
		};
/* End PBXResourcesBuildPhase section */

/* Begin PBXShellScriptBuildPhase section */
		13CC82BB2AF8879892D0D8D1 /* [CP] Embed Pods Frameworks */ = {
			isa = PBXShellScriptBuildPhase;
			buildActionMask = 2147483647;
			files = (
			);
			inputPaths = (
			);
			name = "[CP] Embed Pods Frameworks";
			outputPaths = (
			);
			runOnlyForDeploymentPostprocessing = 0;
			shellPath = /bin/sh;
			shellScript = "\"${SRCROOT}/Pods/Target Support Files/Pods-iOS-ApplicationTemplate/Pods-iOS-ApplicationTemplate-frameworks.sh\"\n";
			showEnvVarsInLog = 0;
		};
		2E3F20CB263FE49018E960CF /* [CP] Check Pods Manifest.lock */ = {
			isa = PBXShellScriptBuildPhase;
			buildActionMask = 2147483647;
			files = (
			);
			inputPaths = (
			);
			name = "[CP] Check Pods Manifest.lock";
			outputPaths = (
			);
			runOnlyForDeploymentPostprocessing = 0;
			shellPath = /bin/sh;
			shellScript = "diff \"${PODS_ROOT}/../Podfile.lock\" \"${PODS_ROOT}/Manifest.lock\" > /dev/null\nif [ $? != 0 ] ; then\n    # print error to STDERR\n    echo \"error: The sandbox is not in sync with the Podfile.lock. Run 'pod install' or update your CocoaPods installation.\" >&2\n    exit 1\nfi\n";
			showEnvVarsInLog = 0;
		};
		3EF0CCF98679F8AB140E0AFC /* [CP] Copy Pods Resources */ = {
			isa = PBXShellScriptBuildPhase;
			buildActionMask = 2147483647;
			files = (
			);
			inputPaths = (
			);
			name = "[CP] Copy Pods Resources";
			outputPaths = (
			);
			runOnlyForDeploymentPostprocessing = 0;
			shellPath = /bin/sh;
			shellScript = "\"${SRCROOT}/Pods/Target Support Files/Pods-iOS-ApplicationTemplate/Pods-iOS-ApplicationTemplate-resources.sh\"\n";
			showEnvVarsInLog = 0;
		};
/* End PBXShellScriptBuildPhase section */

/* Begin PBXSourcesBuildPhase section */
		95C984CC1E1580B0004C955A /* Sources */ = {
			isa = PBXSourcesBuildPhase;
			buildActionMask = 2147483647;
			files = (
				95C984DB1E1580B0004C955A /* ViewController.m in Sources */,
				95C984D81E1580B0004C955A /* AppDelegate.m in Sources */,
				95C984D51E1580B0004C955A /* main.m in Sources */,
			);
			runOnlyForDeploymentPostprocessing = 0;
		};
/* End PBXSourcesBuildPhase section */

/* Begin PBXVariantGroup section */
		95C984DC1E1580B0004C955A /* Main.storyboard */ = {
			isa = PBXVariantGroup;
			children = (
				95C984DD1E1580B0004C955A /* Base */,
			);
			name = Main.storyboard;
			sourceTree = "<group>";
		};
		95C984E11E1580B0004C955A /* LaunchScreen.storyboard */ = {
			isa = PBXVariantGroup;
			children = (
				95C984E21E1580B0004C955A /* Base */,
			);
			name = LaunchScreen.storyboard;
			sourceTree = "<group>";
		};
/* End PBXVariantGroup section */

/* Begin XCBuildConfiguration section */
		95C984E51E1580B0004C955A /* Debug */ = {
			isa = XCBuildConfiguration;
			buildSettings = {
				ALWAYS_SEARCH_USER_PATHS = NO;
				CLANG_ANALYZER_NONNULL = YES;
				CLANG_CXX_LANGUAGE_STANDARD = "gnu++0x";
				CLANG_CXX_LIBRARY = "libc++";
				CLANG_ENABLE_MODULES = YES;
				CLANG_ENABLE_OBJC_ARC = YES;
				CLANG_WARN_BOOL_CONVERSION = YES;
				CLANG_WARN_CONSTANT_CONVERSION = YES;
				CLANG_WARN_DIRECT_OBJC_ISA_USAGE = YES_ERROR;
				CLANG_WARN_DOCUMENTATION_COMMENTS = YES;
				CLANG_WARN_EMPTY_BODY = YES;
				CLANG_WARN_ENUM_CONVERSION = YES;
				CLANG_WARN_INFINITE_RECURSION = YES;
				CLANG_WARN_INT_CONVERSION = YES;
				CLANG_WARN_OBJC_ROOT_CLASS = YES_ERROR;
				CLANG_WARN_SUSPICIOUS_MOVE = YES;
				CLANG_WARN_UNREACHABLE_CODE = YES;
				CLANG_WARN__DUPLICATE_METHOD_MATCH = YES;
				"CODE_SIGN_IDENTITY[sdk=iphoneos*]" = "iPhone Developer";
				COPY_PHASE_STRIP = NO;
				DEBUG_INFORMATION_FORMAT = dwarf;
				ENABLE_STRICT_OBJC_MSGSEND = YES;
				ENABLE_TESTABILITY = YES;
				GCC_C_LANGUAGE_STANDARD = gnu99;
				GCC_DYNAMIC_NO_PIC = NO;
				GCC_NO_COMMON_BLOCKS = YES;
				GCC_OPTIMIZATION_LEVEL = 0;
				GCC_PREPROCESSOR_DEFINITIONS = (
					"DEBUG=1",
					"$(inherited)",
				);
				GCC_WARN_64_TO_32_BIT_CONVERSION = YES;
				GCC_WARN_ABOUT_RETURN_TYPE = YES_ERROR;
				GCC_WARN_UNDECLARED_SELECTOR = YES;
				GCC_WARN_UNINITIALIZED_AUTOS = YES_AGGRESSIVE;
				GCC_WARN_UNUSED_FUNCTION = YES;
				GCC_WARN_UNUSED_VARIABLE = YES;
				IPHONEOS_DEPLOYMENT_TARGET = 9.0;
				MTL_ENABLE_DEBUG_INFO = YES;
				ONLY_ACTIVE_ARCH = YES;
				SDKROOT = iphoneos;
				TARGETED_DEVICE_FAMILY = "1,2";
			};
			name = Debug;
		};
		95C984E61E1580B0004C955A /* Release */ = {
			isa = XCBuildConfiguration;
			buildSettings = {
				ALWAYS_SEARCH_USER_PATHS = NO;
				CLANG_ANALYZER_NONNULL = YES;
				CLANG_CXX_LANGUAGE_STANDARD = "gnu++0x";
				CLANG_CXX_LIBRARY = "libc++";
				CLANG_ENABLE_MODULES = YES;
				CLANG_ENABLE_OBJC_ARC = YES;
				CLANG_WARN_BOOL_CONVERSION = YES;
				CLANG_WARN_CONSTANT_CONVERSION = YES;
				CLANG_WARN_DIRECT_OBJC_ISA_USAGE = YES_ERROR;
				CLANG_WARN_DOCUMENTATION_COMMENTS = YES;
				CLANG_WARN_EMPTY_BODY = YES;
				CLANG_WARN_ENUM_CONVERSION = YES;
				CLANG_WARN_INFINITE_RECURSION = YES;
				CLANG_WARN_INT_CONVERSION = YES;
				CLANG_WARN_OBJC_ROOT_CLASS = YES_ERROR;
				CLANG_WARN_SUSPICIOUS_MOVE = YES;
				CLANG_WARN_UNREACHABLE_CODE = YES;
				CLANG_WARN__DUPLICATE_METHOD_MATCH = YES;
				"CODE_SIGN_IDENTITY[sdk=iphoneos*]" = "iPhone Developer";
				COPY_PHASE_STRIP = NO;
				DEBUG_INFORMATION_FORMAT = "dwarf-with-dsym";
				ENABLE_NS_ASSERTIONS = NO;
				ENABLE_STRICT_OBJC_MSGSEND = YES;
				GCC_C_LANGUAGE_STANDARD = gnu99;
				GCC_NO_COMMON_BLOCKS = YES;
				GCC_WARN_64_TO_32_BIT_CONVERSION = YES;
				GCC_WARN_ABOUT_RETURN_TYPE = YES_ERROR;
				GCC_WARN_UNDECLARED_SELECTOR = YES;
				GCC_WARN_UNINITIALIZED_AUTOS = YES_AGGRESSIVE;
				GCC_WARN_UNUSED_FUNCTION = YES;
				GCC_WARN_UNUSED_VARIABLE = YES;
				IPHONEOS_DEPLOYMENT_TARGET = 9.0;
				MTL_ENABLE_DEBUG_INFO = NO;
				SDKROOT = iphoneos;
				TARGETED_DEVICE_FAMILY = "1,2";
				VALIDATE_PRODUCT = YES;
			};
			name = Release;
		};
		95C984E81E1580B0004C955A /* Debug */ = {
			isa = XCBuildConfiguration;
			baseConfigurationReference = FB1C9B398EF0F5CF042AB147 /* Pods-iOS-ApplicationTemplate.debug.xcconfig */;
			buildSettings = {
				ASSETCATALOG_COMPILER_APPICON_NAME = AppIcon;
				DEVELOPMENT_TEAM = PN7U9JJPAS;
				INFOPLIST_FILE = "iOS-ApplicationTemplate/Info.plist";
				LD_RUNPATH_SEARCH_PATHS = "$(inherited) @executable_path/Frameworks";
				PRODUCT_BUNDLE_IDENTIFIER = "com.brurend.iOS-ApplicationTemplate";
				PRODUCT_NAME = "$(TARGET_NAME)";
			};
			name = Debug;
		};
		95C984E91E1580B0004C955A /* Release */ = {
			isa = XCBuildConfiguration;
			baseConfigurationReference = 81A5B1C600098F293324033D /* Pods-iOS-ApplicationTemplate.release.xcconfig */;
			buildSettings = {
				ASSETCATALOG_COMPILER_APPICON_NAME = AppIcon;
				DEVELOPMENT_TEAM = PN7U9JJPAS;
				INFOPLIST_FILE = "iOS-ApplicationTemplate/Info.plist";
				LD_RUNPATH_SEARCH_PATHS = "$(inherited) @executable_path/Frameworks";
				PRODUCT_BUNDLE_IDENTIFIER = "com.brurend.iOS-ApplicationTemplate";
				PRODUCT_NAME = "$(TARGET_NAME)";
			};
			name = Release;
		};
/* End XCBuildConfiguration section */

/* Begin XCConfigurationList section */
		95C984CB1E1580B0004C955A /* Build configuration list for PBXProject "iOS-ApplicationTemplate" */ = {
			isa = XCConfigurationList;
			buildConfigurations = (
				95C984E51E1580B0004C955A /* Debug */,
				95C984E61E1580B0004C955A /* Release */,
			);
			defaultConfigurationIsVisible = 0;
			defaultConfigurationName = Release;
		};
		95C984E71E1580B0004C955A /* Build configuration list for PBXNativeTarget "iOS-ApplicationTemplate" */ = {
			isa = XCConfigurationList;
			buildConfigurations = (
				95C984E81E1580B0004C955A /* Debug */,
				95C984E91E1580B0004C955A /* Release */,
			);
			defaultConfigurationIsVisible = 0;
		};
/* End XCConfigurationList section */
	};
	rootObject = 95C984C81E1580B0004C955A /* Project object */;
}
